// !$*UTF8*$!
{
	archiveVersion = 1;
	classes = {
	};
	objectVersion = 55;
	objects = {

/* Begin PBXBuildFile section */
		68A45A8328EB21EA0097A652 /* CreatingAndCombiningViewsApp.swift in Sources */ = {isa = PBXBuildFile; fileRef = 68A45A8228EB21EA0097A652 /* CreatingAndCombiningViewsApp.swift */; };
		68A45A8528EB21EA0097A652 /* ContentView.swift in Sources */ = {isa = PBXBuildFile; fileRef = 68A45A8428EB21EA0097A652 /* ContentView.swift */; };
		68A45A8728EB21EB0097A652 /* Assets.xcassets in Resources */ = {isa = PBXBuildFile; fileRef = 68A45A8628EB21EB0097A652 /* Assets.xcassets */; };
		68A45A8A28EB21EB0097A652 /* Preview Assets.xcassets in Resources */ = {isa = PBXBuildFile; fileRef = 68A45A8928EB21EB0097A652 /* Preview Assets.xcassets */; };
		68A45A9528EB22D70097A652 /* CircleImage.swift in Sources */ = {isa = PBXBuildFile; fileRef = 68A45A9428EB22D70097A652 /* CircleImage.swift */; };
		68A45A9728EB22E80097A652 /* MapView.swift in Sources */ = {isa = PBXBuildFile; fileRef = 68A45A9628EB22E80097A652 /* MapView.swift */; };
/* End PBXBuildFile section */

/* Begin PBXFileReference section */
		68A45A7F28EB21EA0097A652 /* CreatingAndCombiningViews.app */ = {isa = PBXFileReference; explicitFileType = wrapper.application; includeInIndex = 0; path = CreatingAndCombiningViews.app; sourceTree = BUILT_PRODUCTS_DIR; };
		68A45A8228EB21EA0097A652 /* CreatingAndCombiningViewsApp.swift */ = {isa = PBXFileReference; lastKnownFileType = sourcecode.swift; path = CreatingAndCombiningViewsApp.swift; sourceTree = "<group>"; };
		68A45A8428EB21EA0097A652 /* ContentView.swift */ = {isa = PBXFileReference; lastKnownFileType = sourcecode.swift; path = ContentView.swift; sourceTree = "<group>"; };
		68A45A8628EB21EB0097A652 /* Assets.xcassets */ = {isa = PBXFileReference; lastKnownFileType = folder.assetcatalog; path = Assets.xcassets; sourceTree = "<group>"; };
		68A45A8928EB21EB0097A652 /* Preview Assets.xcassets */ = {isa = PBXFileReference; lastKnownFileType = folder.assetcatalog; path = "Preview Assets.xcassets"; sourceTree = "<group>"; };
		68A45A9428EB22D70097A652 /* CircleImage.swift */ = {isa = PBXFileReference; lastKnownFileType = sourcecode.swift; path = CircleImage.swift; sourceTree = "<group>"; };
		68A45A9628EB22E80097A652 /* MapView.swift */ = {isa = PBXFileReference; lastKnownFileType = sourcecode.swift; path = MapView.swift; sourceTree = "<group>"; };
/* End PBXFileReference section */

/* Begin PBXFrameworksBuildPhase section */
		68A45A7C28EB21EA0097A652 /* Frameworks */ = {
			isa = PBXFrameworksBuildPhase;
			buildActionMask = 2147483647;
			files = (
			);
			runOnlyForDeploymentPostprocessing = 0;
		};
/* End PBXFrameworksBuildPhase section */

/* Begin PBXGroup section */
		68A45A7628EB21EA0097A652 = {
			isa = PBXGroup;
			children = (
				68A45A8128EB21EA0097A652 /* CreatingAndCombiningViews */,
				68A45A8028EB21EA0097A652 /* Products */,
			);
			sourceTree = "<group>";
		};
		68A45A8028EB21EA0097A652 /* Products */ = {
			isa = PBXGroup;
			children = (
				68A45A7F28EB21EA0097A652 /* CreatingAndCombiningViews.app */,
			);
			name = Products;
			sourceTree = "<group>";
		};
		68A45A8128EB21EA0097A652 /* CreatingAndCombiningViews */ = {
			isa = PBXGroup;
			children = (
				68A45A8228EB21EA0097A652 /* CreatingAndCombiningViewsApp.swift */,
				68A45A8428EB21EA0097A652 /* ContentView.swift */,
				68A45A9428EB22D70097A652 /* CircleImage.swift */,
				68A45A9628EB22E80097A652 /* MapView.swift */,
				68A45A8628EB21EB0097A652 /* Assets.xcassets */,
				68A45A8828EB21EB0097A652 /* Preview Content */,
			);
			path = CreatingAndCombiningViews;
			sourceTree = "<group>";
		};
		68A45A8828EB21EB0097A652 /* Preview Content */ = {
			isa = PBXGroup;
			children = (
				68A45A8928EB21EB0097A652 /* Preview Assets.xcassets */,
			);
			path = "Preview Content";
			sourceTree = "<group>";
		};
/* End PBXGroup section */

/* Begin PBXNativeTarget section */
		68A45A7E28EB21EA0097A652 /* CreatingAndCombiningViews */ = {
			isa = PBXNativeTarget;
			buildConfigurationList = 68A45A8D28EB21EB0097A652 /* Build configuration list for PBXNativeTarget "CreatingAndCombiningViews" */;
			buildPhases = (
				68A45A7B28EB21EA0097A652 /* Sources */,
				68A45A7C28EB21EA0097A652 /* Frameworks */,
				68A45A7D28EB21EA0097A652 /* Resources */,
			);
			buildRules = (
			);
			dependencies = (
			);
			name = CreatingAndCombiningViews;
			productName = CreatingAndCombiningViews;
			productReference = 68A45A7F28EB21EA0097A652 /* CreatingAndCombiningViews.app */;
			productType = "com.apple.product-type.application";
		};
/* End PBXNativeTarget section */

/* Begin PBXProject section */
		68A45A7728EB21EA0097A652 /* Project object */ = {
			isa = PBXProject;
			attributes = {
				BuildIndependentTargetsInParallel = 1;
				LastSwiftUpdateCheck = 1330;
				LastUpgradeCheck = 1330;
				TargetAttributes = {
					68A45A7E28EB21EA0097A652 = {
						CreatedOnToolsVersion = 13.3;
					};
				};
			};
			buildConfigurationList = 68A45A7A28EB21EA0097A652 /* Build configuration list for PBXProject "CreatingAndCombiningViews" */;
			compatibilityVersion = "Xcode 13.0";
			developmentRegion = en;
			hasScannedForEncodings = 0;
			knownRegions = (
				en,
				Base,
			);
			mainGroup = 68A45A7628EB21EA0097A652;
			productRefGroup = 68A45A8028EB21EA0097A652 /* Products */;
			projectDirPath = "";
			projectRoot = "";
			targets = (
				68A45A7E28EB21EA0097A652 /* CreatingAndCombiningViews */,
			);
		};
/* End PBXProject section */

/* Begin PBXResourcesBuildPhase section */
		68A45A7D28EB21EA0097A652 /* Resources */ = {
			isa = PBXResourcesBuildPhase;
			buildActionMask = 2147483647;
			files = (
				68A45A8A28EB21EB0097A652 /* Preview Assets.xcassets in Resources */,
				68A45A8728EB21EB0097A652 /* Assets.xcassets in Resources */,
			);
			runOnlyForDeploymentPostprocessing = 0;
		};
/* End PBXResourcesBuildPhase section */

/* Begin PBXSourcesBuildPhase section */
		68A45A7B28EB21EA0097A652 /* Sources */ = {
			isa = PBXSourcesBuildPhase;
			buildActionMask = 2147483647;
			files = (
				68A45A8528EB21EA0097A652 /* ContentView.swift in Sources */,
				68A45A9728EB22E80097A652 /* MapView.swift in Sources */,
				68A45A8328EB21EA0097A652 /* CreatingAndCombiningViewsApp.swift in Sources */,
				68A45A9528EB22D70097A652 /* CircleImage.swift in Sources */,
			);
			runOnlyForDeploymentPostprocessing = 0;
		};
/* End PBXSourcesBuildPhase section */

/* Begin XCBuildConfiguration section */
		68A45A8B28EB21EB0097A652 /* Debug */ = {
			isa = XCBuildConfiguration;
			buildSettings = {
				ALWAYS_SEARCH_USER_PATHS = NO;
				CLANG_ANALYZER_NONNULL = YES;
				CLANG_ANALYZER_NUMBER_OBJECT_CONVERSION = YES_AGGRESSIVE;
				CLANG_CXX_LANGUAGE_STANDARD = "gnu++17";
				CLANG_ENABLE_MODULES = YES;
				CLANG_ENABLE_OBJC_ARC = YES;
				CLANG_ENABLE_OBJC_WEAK = YES;
				CLANG_WARN_BLOCK_CAPTURE_AUTORELEASING = YES;
				CLANG_WARN_BOOL_CONVERSION = YES;
				CLANG_WARN_COMMA = YES;
				CLANG_WARN_CONSTANT_CONVERSION = YES;
				CLANG_WARN_DEPRECATED_OBJC_IMPLEMENTATIONS = YES;
				CLANG_WARN_DIRECT_OBJC_ISA_USAGE = YES_ERROR;
				CLANG_WARN_DOCUMENTATION_COMMENTS = YES;
				CLANG_WARN_EMPTY_BODY = YES;
				CLANG_WARN_ENUM_CONVERSION = YES;
				CLANG_WARN_INFINITE_RECURSION = YES;
				CLANG_WARN_INT_CONVERSION = YES;
				CLANG_WARN_NON_LITERAL_NULL_CONVERSION = YES;
				CLANG_WARN_OBJC_IMPLICIT_RETAIN_SELF = YES;
				CLANG_WARN_OBJC_LITERAL_CONVERSION = YES;
				CLANG_WARN_OBJC_ROOT_CLASS = YES_ERROR;
				CLANG_WARN_QUOTED_INCLUDE_IN_FRAMEWORK_HEADER = YES;
				CLANG_WARN_RANGE_LOOP_ANALYSIS = YES;
				CLANG_WARN_STRICT_PROTOTYPES = YES;
				CLANG_WARN_SUSPICIOUS_MOVE = YES;
				CLANG_WARN_UNGUARDED_AVAILABILITY = YES_AGGRESSIVE;
				CLANG_WARN_UNREACHABLE_CODE = YES;
				CLANG_WARN__DUPLICATE_METHOD_MATCH = YES;
				COPY_PHASE_STRIP = NO;
				DEBUG_INFORMATION_FORMAT = dwarf;
				ENABLE_STRICT_OBJC_MSGSEND = YES;
				ENABLE_TESTABILITY = YES;
				GCC_C_LANGUAGE_STANDARD = gnu11;
				GCC_DYNAMIC_NO_PIC = NO;
				GCC_NO_COMMON_BLOCKS = YES;
				GCC_OPTIMIZATION_LEVEL = 0;
				GCC_PREPROCESSOR_DEFINITIONS = (
					"DEBUG=1",
					"$(inherited)",
				);
				GCC_WARN_64_TO_32_BIT_CONVERSION = YES;
				GCC_WARN_ABOUT_RETURN_TYPE = YES_ERROR;
				GCC_WARN_UNDECLARED_SELECTOR = YES;
				GCC_WARN_UNINITIALIZED_AUTOS = YES_AGGRESSIVE;
				GCC_WARN_UNUSED_FUNCTION = YES;
				GCC_WARN_UNUSED_VARIABLE = YES;
				IPHONEOS_DEPLOYMENT_TARGET = 15.4;
				MTL_ENABLE_DEBUG_INFO = INCLUDE_SOURCE;
				MTL_FAST_MATH = YES;
				ONLY_ACTIVE_ARCH = YES;
				SDKROOT = iphoneos;
				SWIFT_ACTIVE_COMPILATION_CONDITIONS = DEBUG;
				SWIFT_OPTIMIZATION_LEVEL = "-Onone";
			};
			name = Debug;
		};
		68A45A8C28EB21EB0097A652 /* Release */ = {
			isa = XCBuildConfiguration;
			buildSettings = {
				ALWAYS_SEARCH_USER_PATHS = NO;
				CLANG_ANALYZER_NONNULL = YES;
				CLANG_ANALYZER_NUMBER_OBJECT_CONVERSION = YES_AGGRESSIVE;
				CLANG_CXX_LANGUAGE_STANDARD = "gnu++17";
				CLANG_ENABLE_MODULES = YES;
				CLANG_ENABLE_OBJC_ARC = YES;
				CLANG_ENABLE_OBJC_WEAK = YES;
				CLANG_WARN_BLOCK_CAPTURE_AUTORELEASING = YES;
				CLANG_WARN_BOOL_CONVERSION = YES;
				CLANG_WARN_COMMA = YES;
				CLANG_WARN_CONSTANT_CONVERSION = YES;
				CLANG_WARN_DEPRECATED_OBJC_IMPLEMENTATIONS = YES;
				CLANG_WARN_DIRECT_OBJC_ISA_USAGE = YES_ERROR;
				CLANG_WARN_DOCUMENTATION_COMMENTS = YES;
				CLANG_WARN_EMPTY_BODY = YES;
				CLANG_WARN_ENUM_CONVERSION = YES;
				CLANG_WARN_INFINITE_RECURSION = YES;
				CLANG_WARN_INT_CONVERSION = YES;
				CLANG_WARN_NON_LITERAL_NULL_CONVERSION = YES;
				CLANG_WARN_OBJC_IMPLICIT_RETAIN_SELF = YES;
				CLANG_WARN_OBJC_LITERAL_CONVERSION = YES;
				CLANG_WARN_OBJC_ROOT_CLASS = YES_ERROR;
				CLANG_WARN_QUOTED_INCLUDE_IN_FRAMEWORK_HEADER = YES;
				CLANG_WARN_RANGE_LOOP_ANALYSIS = YES;
				CLANG_WARN_STRICT_PROTOTYPES = YES;
				CLANG_WARN_SUSPICIOUS_MOVE = YES;
				CLANG_WARN_UNGUARDED_AVAILABILITY = YES_AGGRESSIVE;
				CLANG_WARN_UNREACHABLE_CODE = YES;
				CLANG_WARN__DUPLICATE_METHOD_MATCH = YES;
				COPY_PHASE_STRIP = NO;
				DEBUG_INFORMATION_FORMAT = "dwarf-with-dsym";
				ENABLE_NS_ASSERTIONS = NO;
				ENABLE_STRICT_OBJC_MSGSEND = YES;
				GCC_C_LANGUAGE_STANDARD = gnu11;
				GCC_NO_COMMON_BLOCKS = YES;
				GCC_WARN_64_TO_32_BIT_CONVERSION = YES;
				GCC_WARN_ABOUT_RETURN_TYPE = YES_ERROR;
				GCC_WARN_UNDECLARED_SELECTOR = YES;
				GCC_WARN_UNINITIALIZED_AUTOS = YES_AGGRESSIVE;
				GCC_WARN_UNUSED_FUNCTION = YES;
				GCC_WARN_UNUSED_VARIABLE = YES;
				IPHONEOS_DEPLOYMENT_TARGET = 15.4;
				MTL_ENABLE_DEBUG_INFO = NO;
				MTL_FAST_MATH = YES;
				SDKROOT = iphoneos;
				SWIFT_COMPILATION_MODE = wholemodule;
				SWIFT_OPTIMIZATION_LEVEL = "-O";
				VALIDATE_PRODUCT = YES;
			};
			name = Release;
		};
		68A45A8E28EB21EB0097A652 /* Debug */ = {
			isa = XCBuildConfiguration;
			buildSettings = {
				ASSETCATALOG_COMPILER_APPICON_NAME = AppIcon;
				ASSETCATALOG_COMPILER_GLOBAL_ACCENT_COLOR_NAME = AccentColor;
				CODE_SIGN_STYLE = Automatic;
				CURRENT_PROJECT_VERSION = 1;
				DEVELOPMENT_ASSET_PATHS = "\"CreatingAndCombiningViews/Preview Content\"";
				DEVELOPMENT_TEAM = 4YMA7W8T46;
				ENABLE_PREVIEWS = YES;
				GENERATE_INFOPLIST_FILE = YES;
				INFOPLIST_KEY_UIApplicationSceneManifest_Generation = YES;
				INFOPLIST_KEY_UIApplicationSupportsIndirectInputEvents = YES;
				INFOPLIST_KEY_UILaunchScreen_Generation = YES;
				INFOPLIST_KEY_UISupportedInterfaceOrientations_iPad = "UIInterfaceOrientationPortrait UIInterfaceOrientationPortraitUpsideDown UIInterfaceOrientationLandscapeLeft UIInterfaceOrientationLandscapeRight";
				INFOPLIST_KEY_UISupportedInterfaceOrientations_iPhone = "UIInterfaceOrientationPortrait UIInterfaceOrientationLandscapeLeft UIInterfaceOrientationLandscapeRight";
				LD_RUNPATH_SEARCH_PATHS = (
					"$(inherited)",
					"@executable_path/Frameworks",
				);
				MARKETING_VERSION = 1.0;
				PRODUCT_BUNDLE_IDENTIFIER = com.baek.CreatingAndCombiningViews;
				PRODUCT_NAME = "$(TARGET_NAME)";
				SWIFT_EMIT_LOC_STRINGS = YES;
				SWIFT_VERSION = 5.0;
				TARGETED_DEVICE_FAMILY = "1,2";
			};
			name = Debug;
		};
		68A45A8F28EB21EB0097A652 /* Release */ = {
			isa = XCBuildConfiguration;
			buildSettings = {
				ASSETCATALOG_COMPILER_APPICON_NAME = AppIcon;
				ASSETCATALOG_COMPILER_GLOBAL_ACCENT_COLOR_NAME = AccentColor;
				CODE_SIGN_STYLE = Automatic;
				CURRENT_PROJECT_VERSION = 1;
				DEVELOPMENT_ASSET_PATHS = "\"CreatingAndCombiningViews/Preview Content\"";
				DEVELOPMENT_TEAM = 4YMA7W8T46;
				ENABLE_PREVIEWS = YES;
				GENERATE_INFOPLIST_FILE = YES;
				INFOPLIST_KEY_UIApplicationSceneManifest_Generation = YES;
				INFOPLIST_KEY_UIApplicationSupportsIndirectInputEvents = YES;
				INFOPLIST_KEY_UILaunchScreen_Generation = YES;
				INFOPLIST_KEY_UISupportedInterfaceOrientations_iPad = "UIInterfaceOrientationPortrait UIInterfaceOrientationPortraitUpsideDown UIInterfaceOrientationLandscapeLeft UIInterfaceOrientationLandscapeRight";
				INFOPLIST_KEY_UISupportedInterfaceOrientations_iPhone = "UIInterfaceOrientationPortrait UIInterfaceOrientationLandscapeLeft UIInterfaceOrientationLandscapeRight";
				LD_RUNPATH_SEARCH_PATHS = (
					"$(inherited)",
					"@executable_path/Frameworks",
				);
				MARKETING_VERSION = 1.0;
				PRODUCT_BUNDLE_IDENTIFIER = com.baek.CreatingAndCombiningViews;
				PRODUCT_NAME = "$(TARGET_NAME)";
				SWIFT_EMIT_LOC_STRINGS = YES;
				SWIFT_VERSION = 5.0;
				TARGETED_DEVICE_FAMILY = "1,2";
			};
			name = Release;
		};
/* End XCBuildConfiguration section */

/* Begin XCConfigurationList section */
		68A45A7A28EB21EA0097A652 /* Build configuration list for PBXProject "CreatingAndCombiningViews" */ = {
			isa = XCConfigurationList;
			buildConfigurations = (
				68A45A8B28EB21EB0097A652 /* Debug */,
				68A45A8C28EB21EB0097A652 /* Release */,
			);
			defaultConfigurationIsVisible = 0;
			defaultConfigurationName = Release;
		};
		68A45A8D28EB21EB0097A652 /* Build configuration list for PBXNativeTarget "CreatingAndCombiningViews" */ = {
			isa = XCConfigurationList;
			buildConfigurations = (
				68A45A8E28EB21EB0097A652 /* Debug */,
				68A45A8F28EB21EB0097A652 /* Release */,
			);
			defaultConfigurationIsVisible = 0;
			defaultConfigurationName = Release;
		};
/* End XCConfigurationList section */
	};
	rootObject = 68A45A7728EB21EA0097A652 /* Project object */;
}
